{
  "nodes": {
    "flake-utils": {
      "inputs": {
        "systems": "systems"
      },
      "locked": {
        "lastModified": 1731533236,
        "narHash": "sha256-l0KFg5HjrsfsO/JpG+r7fRrqm12kzFHyUHqHCVpMMbI=",
        "owner": "numtide",
        "repo": "flake-utils",
        "rev": "11707dc2f618dd54ca8739b309ec4fc024de578b",
        "type": "github"
      },
      "original": {
        "owner": "numtide",
        "repo": "flake-utils",
        "type": "github"
      }
    },
    "flake-utils_2": {
      "inputs": {
        "systems": "systems_2"
      },
      "locked": {
        "lastModified": 1731533236,
        "narHash": "sha256-l0KFg5HjrsfsO/JpG+r7fRrqm12kzFHyUHqHCVpMMbI=",
        "owner": "numtide",
        "repo": "flake-utils",
        "rev": "11707dc2f618dd54ca8739b309ec4fc024de578b",
        "type": "github"
      },
      "original": {
        "owner": "numtide",
        "repo": "flake-utils",
        "type": "github"
      }
    },
    "flake-utils_3": {
      "inputs": {
        "systems": "systems_3"
      },
      "locked": {
        "lastModified": 1731533236,
        "narHash": "sha256-l0KFg5HjrsfsO/JpG+r7fRrqm12kzFHyUHqHCVpMMbI=",
        "owner": "numtide",
        "repo": "flake-utils",
        "rev": "11707dc2f618dd54ca8739b309ec4fc024de578b",
        "type": "github"
      },
      "original": {
        "owner": "numtide",
        "repo": "flake-utils",
        "type": "github"
      }
    },
    "flake-utils_4": {
      "inputs": {
        "systems": "systems_4"
      },
      "locked": {
        "lastModified": 1731533236,
        "narHash": "sha256-l0KFg5HjrsfsO/JpG+r7fRrqm12kzFHyUHqHCVpMMbI=",
        "owner": "numtide",
        "repo": "flake-utils",
        "rev": "11707dc2f618dd54ca8739b309ec4fc024de578b",
        "type": "github"
      },
      "original": {
        "owner": "numtide",
        "repo": "flake-utils",
        "type": "github"
      }
    },
    "magen": {
      "inputs": {
        "flake-utils": "flake-utils_2",
        "mudyla": "mudyla",
        "nixpkgs": [
          "nixpkgs"
        ],
        "squish-find-the-brains": "squish-find-the-brains"
      },
      "locked": {
        "lastModified": 1775034402,
        "narHash": "sha256-1DzHaHDcMaE9PyKNnbMtpNPdX6s1o7EmEcBusk2LoXg=",
        "owner": "pshirshov",
        "repo": "magen",
        "rev": "ba4f1efa0952342003d747a5f6008836e95323dd",
        "type": "github"
      },
      "original": {
        "owner": "pshirshov",
        "repo": "magen",
        "type": "github"
      }
    },
    "mudyla": {
      "inputs": {
        "flake-utils": "flake-utils_3",
        "nixpkgs": [
          "magen",
          "nixpkgs"
        ]
      },
      "locked": {
        "lastModified": 1774036186,
        "narHash": "sha256-18QfQTeN3AsYA286gz2bc54MDgu0LM3LBJ/MQDni68c=",
        "owner": "7mind",
        "repo": "mudyla",
        "rev": "3dc69245654fef3e85f89de9b0e8563976f589ed",
        "type": "github"
      },
      "original": {
        "owner": "7mind",
        "repo": "mudyla",
        "type": "github"
      }
    },
    "mudyla_2": {
      "inputs": {
        "flake-utils": "flake-utils_4",
        "nixpkgs": [
          "nixpkgs"
        ]
      },
      "locked": {
        "lastModified": 1774036186,
        "narHash": "sha256-18QfQTeN3AsYA286gz2bc54MDgu0LM3LBJ/MQDni68c=",
        "owner": "7mind",
        "repo": "mudyla",
        "rev": "3dc69245654fef3e85f89de9b0e8563976f589ed",
        "type": "github"
      },
      "original": {
        "owner": "7mind",
        "repo": "mudyla",
        "type": "github"
      }
    },
    "nixpkgs": {
      "locked": {
        "lastModified": 1764521362,
        "narHash": "sha256-M101xMtWdF1eSD0xhiR8nG8CXRlHmv6V+VoY65Smwf4=",
        "owner": "NixOS",
        "repo": "nixpkgs",
        "rev": "871b9fd269ff6246794583ce4ee1031e1da71895",
        "type": "github"
      },
      "original": {
        "owner": "NixOS",
        "ref": "25.11",
        "repo": "nixpkgs",
        "type": "github"
      }
    },
    "root": {
      "inputs": {
        "flake-utils": "flake-utils",
        "magen": "magen",
        "mudyla": "mudyla_2",
        "nixpkgs": "nixpkgs"
      }
    },
    "squish-find-the-brains": {
      "inputs": {
        "flake-utils": [
          "magen",
          "flake-utils"
        ],
        "nixpkgs": [
          "magen",
          "nixpkgs"
        ]
      },
      "locked": {
        "lastModified": 1771025246,
        "narHash": "sha256-pyqJIq7sbr/++UNknEURS1ude4nWLmT864ONhFujL/Q=",
        "owner": "7mind",
        "repo": "squish-find-the-brains",
        "rev": "79be60b0266215fd7bf3d4056a6c33388f4bd25a",
        "type": "github"
      },
      "original": {
        "owner": "7mind",
        "repo": "squish-find-the-brains",
        "type": "github"
      }
    },
    "systems": {
      "locked": {
        "lastModified": 1681028828,
        "narHash": "sha256-Vy1rq5AaRuLzOxct8nz4T6wlgyUR7zLU309k9mBC768=",
        "owner": "nix-systems",
        "repo": "default",
        "rev": "da67096a3b9bf56a91d16901293e51ba5b49a27e",
        "type": "github"
      },
      "original": {
        "owner": "nix-systems",
        "repo": "default",
        "type": "github"
      }
    },
    "systems_2": {
      "locked": {
        "lastModified": 1681028828,
        "narHash": "sha256-Vy1rq5AaRuLzOxct8nz4T6wlgyUR7zLU309k9mBC768=",
        "owner": "nix-systems",
        "repo": "default",
        "rev": "da67096a3b9bf56a91d16901293e51ba5b49a27e",
        "type": "github"
      },
      "original": {
        "owner": "nix-systems",
        "repo": "default",
        "type": "github"
      }
    },
    "systems_3": {
      "locked": {
        "lastModified": 1681028828,
        "narHash": "sha256-Vy1rq5AaRuLzOxct8nz4T6wlgyUR7zLU309k9mBC768=",
        "owner": "nix-systems",
        "repo": "default",
        "rev": "da67096a3b9bf56a91d16901293e51ba5b49a27e",
        "type": "github"
      },
      "original": {
        "owner": "nix-systems",
        "repo": "default",
        "type": "github"
      }
    },
    "systems_4": {
      "locked": {
        "lastModified": 1681028828,
        "narHash": "sha256-Vy1rq5AaRuLzOxct8nz4T6wlgyUR7zLU309k9mBC768=",
        "owner": "nix-systems",
        "repo": "default",
        "rev": "da67096a3b9bf56a91d16901293e51ba5b49a27e",
        "type": "github"
      },
      "original": {
        "owner": "nix-systems",
        "repo": "default",
        "type": "github"
      }
    }
  },
  "root": "root",
  "version": 7
}
